// !$*UTF8*$!
{
	archiveVersion = 1;
	classes = {
	};
	objectVersion = 52;
	objects = {

/* Begin PBXBuildFile section */
		BEFFBBE02407F84F009C83FC /* AppDelegate.swift in Sources */ = {isa = PBXBuildFile; fileRef = BEFFBBDF2407F84F009C83FC /* AppDelegate.swift */; };
		BEFFBBE22407F84F009C83FC /* SceneDelegate.swift in Sources */ = {isa = PBXBuildFile; fileRef = BEFFBBE12407F84F009C83FC /* SceneDelegate.swift */; };
		BEFFBBE42407F84F009C83FC /* ContentView.swift in Sources */ = {isa = PBXBuildFile; fileRef = BEFFBBE32407F84F009C83FC /* ContentView.swift */; };
		BEFFBBE62407F851009C83FC /* Assets.xcassets in Resources */ = {isa = PBXBuildFile; fileRef = BEFFBBE52407F851009C83FC /* Assets.xcassets */; };
		BEFFBBE92407F851009C83FC /* Preview Assets.xcassets in Resources */ = {isa = PBXBuildFile; fileRef = BEFFBBE82407F851009C83FC /* Preview Assets.xcassets */; };
		BEFFBBEC2407F851009C83FC /* LaunchScreen.storyboard in Resources */ = {isa = PBXBuildFile; fileRef = BEFFBBEA2407F851009C83FC /* LaunchScreen.storyboard */; };
		BEFFBBF82407F9A7009C83FC /* FTPropertyWrappers in Frameworks */ = {isa = PBXBuildFile; productRef = BEFFBBF72407F9A7009C83FC /* FTPropertyWrappers */; };
/* End PBXBuildFile section */

/* Begin PBXFileReference section */
		BEFFBBDC2407F84F009C83FC /* FTPropertyWrappersExample.app */ = {isa = PBXFileReference; explicitFileType = wrapper.application; includeInIndex = 0; path = FTPropertyWrappersExample.app; sourceTree = BUILT_PRODUCTS_DIR; };
		BEFFBBDF2407F84F009C83FC /* AppDelegate.swift */ = {isa = PBXFileReference; lastKnownFileType = sourcecode.swift; path = AppDelegate.swift; sourceTree = "<group>"; };
		BEFFBBE12407F84F009C83FC /* SceneDelegate.swift */ = {isa = PBXFileReference; lastKnownFileType = sourcecode.swift; path = SceneDelegate.swift; sourceTree = "<group>"; };
		BEFFBBE32407F84F009C83FC /* ContentView.swift */ = {isa = PBXFileReference; lastKnownFileType = sourcecode.swift; path = ContentView.swift; sourceTree = "<group>"; };
		BEFFBBE52407F851009C83FC /* Assets.xcassets */ = {isa = PBXFileReference; lastKnownFileType = folder.assetcatalog; path = Assets.xcassets; sourceTree = "<group>"; };
		BEFFBBE82407F851009C83FC /* Preview Assets.xcassets */ = {isa = PBXFileReference; lastKnownFileType = folder.assetcatalog; path = "Preview Assets.xcassets"; sourceTree = "<group>"; };
		BEFFBBEB2407F851009C83FC /* Base */ = {isa = PBXFileReference; lastKnownFileType = file.storyboard; name = Base; path = Base.lproj/LaunchScreen.storyboard; sourceTree = "<group>"; };
		BEFFBBED2407F851009C83FC /* Info.plist */ = {isa = PBXFileReference; lastKnownFileType = text.plist.xml; path = Info.plist; sourceTree = "<group>"; };
		BEFFBBF52407F8C8009C83FC /* FTPropertyWrappers */ = {isa = PBXFileReference; lastKnownFileType = folder; name = FTPropertyWrappers; path = ..; sourceTree = "<group>"; };
/* End PBXFileReference section */

/* Begin PBXFrameworksBuildPhase section */
		BEFFBBD92407F84F009C83FC /* Frameworks */ = {
			isa = PBXFrameworksBuildPhase;
			buildActionMask = 2147483647;
			files = (
				BEFFBBF82407F9A7009C83FC /* FTPropertyWrappers in Frameworks */,
			);
			runOnlyForDeploymentPostprocessing = 0;
		};
/* End PBXFrameworksBuildPhase section */

/* Begin PBXGroup section */
		BEFFBBD32407F84F009C83FC = {
			isa = PBXGroup;
			children = (
				BEFFBBDE2407F84F009C83FC /* FTPropertyWrappersExample */,
				BEFFBBDD2407F84F009C83FC /* Products */,
				BEFFBBF52407F8C8009C83FC /* FTPropertyWrappers */,
				BEFFBBF62407F9A7009C83FC /* Frameworks */,
			);
			sourceTree = "<group>";
		};
		BEFFBBDD2407F84F009C83FC /* Products */ = {
			isa = PBXGroup;
			children = (
				BEFFBBDC2407F84F009C83FC /* FTPropertyWrappersExample.app */,
			);
			name = Products;
			sourceTree = "<group>";
		};
		BEFFBBDE2407F84F009C83FC /* FTPropertyWrappersExample */ = {
			isa = PBXGroup;
			children = (
				BEFFBBDF2407F84F009C83FC /* AppDelegate.swift */,
				BEFFBBE12407F84F009C83FC /* SceneDelegate.swift */,
				BEFFBBE32407F84F009C83FC /* ContentView.swift */,
				BEFFBBE52407F851009C83FC /* Assets.xcassets */,
				BEFFBBEA2407F851009C83FC /* LaunchScreen.storyboard */,
				BEFFBBED2407F851009C83FC /* Info.plist */,
				BEFFBBE72407F851009C83FC /* Preview Content */,
			);
			path = FTPropertyWrappersExample;
			sourceTree = "<group>";
		};
		BEFFBBE72407F851009C83FC /* Preview Content */ = {
			isa = PBXGroup;
			children = (
				BEFFBBE82407F851009C83FC /* Preview Assets.xcassets */,
			);
			path = "Preview Content";
			sourceTree = "<group>";
		};
		BEFFBBF62407F9A7009C83FC /* Frameworks */ = {
			isa = PBXGroup;
			children = (
			);
			name = Frameworks;
			sourceTree = "<group>";
		};
/* End PBXGroup section */

/* Begin PBXNativeTarget section */
		BEFFBBDB2407F84F009C83FC /* FTPropertyWrappersExample */ = {
			isa = PBXNativeTarget;
			buildConfigurationList = BEFFBBF02407F851009C83FC /* Build configuration list for PBXNativeTarget "FTPropertyWrappersExample" */;
			buildPhases = (
				BEFFBBD82407F84F009C83FC /* Sources */,
				BEFFBBD92407F84F009C83FC /* Frameworks */,
				BEFFBBDA2407F84F009C83FC /* Resources */,
			);
			buildRules = (
			);
			dependencies = (
			);
			name = FTPropertyWrappersExample;
			packageProductDependencies = (
				BEFFBBF72407F9A7009C83FC /* FTPropertyWrappers */,
			);
			productName = FTPropertyWrappersExample;
			productReference = BEFFBBDC2407F84F009C83FC /* FTPropertyWrappersExample.app */;
			productType = "com.apple.product-type.application";
		};
/* End PBXNativeTarget section */

/* Begin PBXProject section */
		BEFFBBD42407F84F009C83FC /* Project object */ = {
			isa = PBXProject;
			attributes = {
				LastSwiftUpdateCheck = 1130;
				LastUpgradeCheck = 1130;
				ORGANIZATIONNAME = Futured.app;
				TargetAttributes = {
					BEFFBBDB2407F84F009C83FC = {
						CreatedOnToolsVersion = 11.3.1;
					};
				};
			};
			buildConfigurationList = BEFFBBD72407F84F009C83FC /* Build configuration list for PBXProject "FTPropertyWrappersExample" */;
			compatibilityVersion = "Xcode 9.3";
			developmentRegion = en;
			hasScannedForEncodings = 0;
			knownRegions = (
				en,
				Base,
			);
			mainGroup = BEFFBBD32407F84F009C83FC;
			productRefGroup = BEFFBBDD2407F84F009C83FC /* Products */;
			projectDirPath = "";
			projectRoot = "";
			targets = (
				BEFFBBDB2407F84F009C83FC /* FTPropertyWrappersExample */,
			);
		};
/* End PBXProject section */

/* Begin PBXResourcesBuildPhase section */
		BEFFBBDA2407F84F009C83FC /* Resources */ = {
			isa = PBXResourcesBuildPhase;
			buildActionMask = 2147483647;
			files = (
				BEFFBBEC2407F851009C83FC /* LaunchScreen.storyboard in Resources */,
				BEFFBBE92407F851009C83FC /* Preview Assets.xcassets in Resources */,
				BEFFBBE62407F851009C83FC /* Assets.xcassets in Resources */,
			);
			runOnlyForDeploymentPostprocessing = 0;
		};
/* End PBXResourcesBuildPhase section */

/* Begin PBXSourcesBuildPhase section */
		BEFFBBD82407F84F009C83FC /* Sources */ = {
			isa = PBXSourcesBuildPhase;
			buildActionMask = 2147483647;
			files = (
				BEFFBBE02407F84F009C83FC /* AppDelegate.swift in Sources */,
				BEFFBBE22407F84F009C83FC /* SceneDelegate.swift in Sources */,
				BEFFBBE42407F84F009C83FC /* ContentView.swift in Sources */,
			);
			runOnlyForDeploymentPostprocessing = 0;
		};
/* End PBXSourcesBuildPhase section */

/* Begin PBXVariantGroup section */
		BEFFBBEA2407F851009C83FC /* LaunchScreen.storyboard */ = {
			isa = PBXVariantGroup;
			children = (
				BEFFBBEB2407F851009C83FC /* Base */,
			);
			name = LaunchScreen.storyboard;
			sourceTree = "<group>";
		};
/* End PBXVariantGroup section */

/* Begin XCBuildConfiguration section */
		BEFFBBEE2407F851009C83FC /* Debug */ = {
			isa = XCBuildConfiguration;
			buildSettings = {
				ALWAYS_SEARCH_USER_PATHS = NO;
				CLANG_ANALYZER_NONNULL = YES;
				CLANG_ANALYZER_NUMBER_OBJECT_CONVERSION = YES_AGGRESSIVE;
				CLANG_CXX_LANGUAGE_STANDARD = "gnu++14";
				CLANG_CXX_LIBRARY = "libc++";
				CLANG_ENABLE_MODULES = YES;
				CLANG_ENABLE_OBJC_ARC = YES;
				CLANG_ENABLE_OBJC_WEAK = YES;
				CLANG_WARN_BLOCK_CAPTURE_AUTORELEASING = YES;
				CLANG_WARN_BOOL_CONVERSION = YES;
				CLANG_WARN_COMMA = YES;
				CLANG_WARN_CONSTANT_CONVERSION = YES;
				CLANG_WARN_DEPRECATED_OBJC_IMPLEMENTATIONS = YES;
				CLANG_WARN_DIRECT_OBJC_ISA_USAGE = YES_ERROR;
				CLANG_WARN_DOCUMENTATION_COMMENTS = YES;
				CLANG_WARN_EMPTY_BODY = YES;
				CLANG_WARN_ENUM_CONVERSION = YES;
				CLANG_WARN_INFINITE_RECURSION = YES;
				CLANG_WARN_INT_CONVERSION = YES;
				CLANG_WARN_NON_LITERAL_NULL_CONVERSION = YES;
				CLANG_WARN_OBJC_IMPLICIT_RETAIN_SELF = YES;
				CLANG_WARN_OBJC_LITERAL_CONVERSION = YES;
				CLANG_WARN_OBJC_ROOT_CLASS = YES_ERROR;
				CLANG_WARN_RANGE_LOOP_ANALYSIS = YES;
				CLANG_WARN_STRICT_PROTOTYPES = YES;
				CLANG_WARN_SUSPICIOUS_MOVE = YES;
				CLANG_WARN_UNGUARDED_AVAILABILITY = YES_AGGRESSIVE;
				CLANG_WARN_UNREACHABLE_CODE = YES;
				CLANG_WARN__DUPLICATE_METHOD_MATCH = YES;
				COPY_PHASE_STRIP = NO;
				DEBUG_INFORMATION_FORMAT = dwarf;
				ENABLE_STRICT_OBJC_MSGSEND = YES;
				ENABLE_TESTABILITY = YES;
				GCC_C_LANGUAGE_STANDARD = gnu11;
				GCC_DYNAMIC_NO_PIC = NO;
				GCC_NO_COMMON_BLOCKS = YES;
				GCC_OPTIMIZATION_LEVEL = 0;
				GCC_PREPROCESSOR_DEFINITIONS = (
					"DEBUG=1",
					"$(inherited)",
				);
				GCC_WARN_64_TO_32_BIT_CONVERSION = YES;
				GCC_WARN_ABOUT_RETURN_TYPE = YES_ERROR;
				GCC_WARN_UNDECLARED_SELECTOR = YES;
				GCC_WARN_UNINITIALIZED_AUTOS = YES_AGGRESSIVE;
				GCC_WARN_UNUSED_FUNCTION = YES;
				GCC_WARN_UNUSED_VARIABLE = YES;
				IPHONEOS_DEPLOYMENT_TARGET = 13.2;
				MTL_ENABLE_DEBUG_INFO = INCLUDE_SOURCE;
				MTL_FAST_MATH = YES;
				ONLY_ACTIVE_ARCH = YES;
				SDKROOT = iphoneos;
				SWIFT_ACTIVE_COMPILATION_CONDITIONS = DEBUG;
				SWIFT_OPTIMIZATION_LEVEL = "-Onone";
			};
			name = Debug;
		};
		BEFFBBEF2407F851009C83FC /* Release */ = {
			isa = XCBuildConfiguration;
			buildSettings = {
				ALWAYS_SEARCH_USER_PATHS = NO;
				CLANG_ANALYZER_NONNULL = YES;
				CLANG_ANALYZER_NUMBER_OBJECT_CONVERSION = YES_AGGRESSIVE;
				CLANG_CXX_LANGUAGE_STANDARD = "gnu++14";
				CLANG_CXX_LIBRARY = "libc++";
				CLANG_ENABLE_MODULES = YES;
				CLANG_ENABLE_OBJC_ARC = YES;
				CLANG_ENABLE_OBJC_WEAK = YES;
				CLANG_WARN_BLOCK_CAPTURE_AUTORELEASING = YES;
				CLANG_WARN_BOOL_CONVERSION = YES;
				CLANG_WARN_COMMA = YES;
				CLANG_WARN_CONSTANT_CONVERSION = YES;
				CLANG_WARN_DEPRECATED_OBJC_IMPLEMENTATIONS = YES;
				CLANG_WARN_DIRECT_OBJC_ISA_USAGE = YES_ERROR;
				CLANG_WARN_DOCUMENTATION_COMMENTS = YES;
				CLANG_WARN_EMPTY_BODY = YES;
				CLANG_WARN_ENUM_CONVERSION = YES;
				CLANG_WARN_INFINITE_RECURSION = YES;
				CLANG_WARN_INT_CONVERSION = YES;
				CLANG_WARN_NON_LITERAL_NULL_CONVERSION = YES;
				CLANG_WARN_OBJC_IMPLICIT_RETAIN_SELF = YES;
				CLANG_WARN_OBJC_LITERAL_CONVERSION = YES;
				CLANG_WARN_OBJC_ROOT_CLASS = YES_ERROR;
				CLANG_WARN_RANGE_LOOP_ANALYSIS = YES;
				CLANG_WARN_STRICT_PROTOTYPES = YES;
				CLANG_WARN_SUSPICIOUS_MOVE = YES;
				CLANG_WARN_UNGUARDED_AVAILABILITY = YES_AGGRESSIVE;
				CLANG_WARN_UNREACHABLE_CODE = YES;
				CLANG_WARN__DUPLICATE_METHOD_MATCH = YES;
				COPY_PHASE_STRIP = NO;
				DEBUG_INFORMATION_FORMAT = "dwarf-with-dsym";
				ENABLE_NS_ASSERTIONS = NO;
				ENABLE_STRICT_OBJC_MSGSEND = YES;
				GCC_C_LANGUAGE_STANDARD = gnu11;
				GCC_NO_COMMON_BLOCKS = YES;
				GCC_WARN_64_TO_32_BIT_CONVERSION = YES;
				GCC_WARN_ABOUT_RETURN_TYPE = YES_ERROR;
				GCC_WARN_UNDECLARED_SELECTOR = YES;
				GCC_WARN_UNINITIALIZED_AUTOS = YES_AGGRESSIVE;
				GCC_WARN_UNUSED_FUNCTION = YES;
				GCC_WARN_UNUSED_VARIABLE = YES;
				IPHONEOS_DEPLOYMENT_TARGET = 13.2;
				MTL_ENABLE_DEBUG_INFO = NO;
				MTL_FAST_MATH = YES;
				SDKROOT = iphoneos;
				SWIFT_COMPILATION_MODE = wholemodule;
				SWIFT_OPTIMIZATION_LEVEL = "-O";
				VALIDATE_PRODUCT = YES;
			};
			name = Release;
		};
		BEFFBBF12407F851009C83FC /* Debug */ = {
			isa = XCBuildConfiguration;
			buildSettings = {
				ASSETCATALOG_COMPILER_APPICON_NAME = AppIcon;
				CODE_SIGN_STYLE = Automatic;
				DEVELOPMENT_ASSET_PATHS = "\"FTPropertyWrappersExample/Preview Content\"";
				ENABLE_PREVIEWS = YES;
				INFOPLIST_FILE = FTPropertyWrappersExample/Info.plist;
				LD_RUNPATH_SEARCH_PATHS = (
					"$(inherited)",
					"@executable_path/Frameworks",
				);
				PRODUCT_BUNDLE_IDENTIFIER = app.futured.FTPropertyWrappersExample;
				PRODUCT_NAME = "$(TARGET_NAME)";
				SWIFT_VERSION = 5.0;
				TARGETED_DEVICE_FAMILY = "1,2";
			};
			name = Debug;
		};
		BEFFBBF22407F851009C83FC /* Release */ = {
			isa = XCBuildConfiguration;
			buildSettings = {
				ASSETCATALOG_COMPILER_APPICON_NAME = AppIcon;
				CODE_SIGN_STYLE = Automatic;
				DEVELOPMENT_ASSET_PATHS = "\"FTPropertyWrappersExample/Preview Content\"";
				ENABLE_PREVIEWS = YES;
				INFOPLIST_FILE = FTPropertyWrappersExample/Info.plist;
				LD_RUNPATH_SEARCH_PATHS = (
					"$(inherited)",
					"@executable_path/Frameworks",
				);
				PRODUCT_BUNDLE_IDENTIFIER = app.futured.FTPropertyWrappersExample;
				PRODUCT_NAME = "$(TARGET_NAME)";
				SWIFT_VERSION = 5.0;
				TARGETED_DEVICE_FAMILY = "1,2";
			};
			name = Release;
		};
/* End XCBuildConfiguration section */

/* Begin XCConfigurationList section */
		BEFFBBD72407F84F009C83FC /* Build configuration list for PBXProject "FTPropertyWrappersExample" */ = {
			isa = XCConfigurationList;
			buildConfigurations = (
				BEFFBBEE2407F851009C83FC /* Debug */,
				BEFFBBEF2407F851009C83FC /* Release */,
			);
			defaultConfigurationIsVisible = 0;
			defaultConfigurationName = Release;
		};
		BEFFBBF02407F851009C83FC /* Build configuration list for PBXNativeTarget "FTPropertyWrappersExample" */ = {
			isa = XCConfigurationList;
			buildConfigurations = (
				BEFFBBF12407F851009C83FC /* Debug */,
				BEFFBBF22407F851009C83FC /* Release */,
			);
			defaultConfigurationIsVisible = 0;
			defaultConfigurationName = Release;
		};
/* End XCConfigurationList section */

/* Begin XCSwiftPackageProductDependency section */
		BEFFBBF72407F9A7009C83FC /* FTPropertyWrappers */ = {
			isa = XCSwiftPackageProductDependency;
			productName = FTPropertyWrappers;
		};
/* End XCSwiftPackageProductDependency section */
	};
	rootObject = BEFFBBD42407F84F009C83FC /* Project object */;
}
